
Microsoft Visual Studio Solution File, Format Version 12.00
# Visual Studio Version 17
VisualStudioVersion = 17.0.31903.59
MinimumVisualStudioVersion = 10.0.40219.1
Project("{9A19103F-16F7-4668-BE54-9A1E7A4F7556}") = "AvanadeEstudosAPI.Domain", "2 - AvanadeEstudosAPI.Domain\AvanadeEstudosAPI.Domain.csproj", "{469BD7DC-418C-475A-A756-F3A04313C0B6}"
EndProject
Project("{9A19103F-16F7-4668-BE54-9A1E7A4F7556}") = "AvanadeEstudosAPI.Services", "3 - AvanadeEstudosAPI.Services\AvanadeEstudosAPI.Services.csproj", "{AF0F87A2-3764-4F3B-99B4-ECF4887492DE}"
EndProject
Project("{9A19103F-16F7-4668-BE54-9A1E7A4F7556}") = "AvanadeEstudosAPI.Infra", "4 - AvanadeEstudosAPI.Infra\AvanadeEstudosAPI.Infra.csproj", "{C47228DE-A834-4ABA-991C-F45742A9D0A2}"
EndProject
Project("{9A19103F-16F7-4668-BE54-9A1E7A4F7556}") = "AvanadeEstudosAPI.Shared", "5 - AvanadeEstudosAPI.Shared\AvanadeEstudosAPI.Shared.csproj", "{33FD8390-F475-48CC-9EE5-C42D5F4BE3AB}"
EndProject
Project("{9A19103F-16F7-4668-BE54-9A1E7A4F7556}") = "AvanadeEstudosAPI.API", "1 - AvanadeEstudosAPI.API\AvanadeEstudosAPI.API.csproj", "{37BED59A-9F03-4A3C-83C7-9674E248D64A}"
EndProject
Project("{9A19103F-16F7-4668-BE54-9A1E7A4F7556}") = "AvanadeEstudosAPI.Tests", "6 - AvanadeEstudosAPI.Tests\AvanadeEstudosAPI.Tests.csproj", "{FAAA582B-994F-478B-A761-6579847878A6}"
EndProject
Project("{2150E333-8FDC-42A3-9474-1A3956D46DE8}") = "1 - API", "1 - API", "{D1FECEFF-AD9A-4CD7-B6DB-622ECD5A52F3}"
EndProject
Project("{2150E333-8FDC-42A3-9474-1A3956D46DE8}") = "2 - Domain", "2 - Domain", "{1EA41872-17F6-4927-B08B-B51271A13958}"
EndProject
Project("{2150E333-8FDC-42A3-9474-1A3956D46DE8}") = "3 - Services", "3 - Services", "{CF9E470D-BFD0-4287-91E3-A09D56F63AC6}"
EndProject
Project("{2150E333-8FDC-42A3-9474-1A3956D46DE8}") = "4 - Infra", "4 - Infra", "{5916755F-3B8E-475B-9AC6-F5CA54272FA4}"
EndProject
Project("{2150E333-8FDC-42A3-9474-1A3956D46DE8}") = "5 - Shared", "5 - Shared", "{30CFE040-AEE9-4094-B33E-042444BD24CA}"
EndProject
Project("{2150E333-8FDC-42A3-9474-1A3956D46DE8}") = "6 - Tests", "6 - Tests", "{B561EC14-1367-4F0C-A472-3E764FA52733}"
EndProject
Global
	GlobalSection(SolutionConfigurationPlatforms) = preSolution
		Debug|Any CPU = Debug|Any CPU
		Release|Any CPU = Release|Any CPU
	EndGlobalSection
	GlobalSection(ProjectConfigurationPlatforms) = postSolution
		{469BD7DC-418C-475A-A756-F3A04313C0B6}.Debug|Any CPU.ActiveCfg = Debug|Any CPU
		{469BD7DC-418C-475A-A756-F3A04313C0B6}.Debug|Any CPU.Build.0 = Debug|Any CPU
		{469BD7DC-418C-475A-A756-F3A04313C0B6}.Release|Any CPU.ActiveCfg = Release|Any CPU
		{469BD7DC-418C-475A-A756-F3A04313C0B6}.Release|Any CPU.Build.0 = Release|Any CPU
		{AF0F87A2-3764-4F3B-99B4-ECF4887492DE}.Debug|Any CPU.ActiveCfg = Debug|Any CPU
		{AF0F87A2-3764-4F3B-99B4-ECF4887492DE}.Debug|Any CPU.Build.0 = Debug|Any CPU
		{AF0F87A2-3764-4F3B-99B4-ECF4887492DE}.Release|Any CPU.ActiveCfg = Release|Any CPU
		{AF0F87A2-3764-4F3B-99B4-ECF4887492DE}.Release|Any CPU.Build.0 = Release|Any CPU
		{C47228DE-A834-4ABA-991C-F45742A9D0A2}.Debug|Any CPU.ActiveCfg = Debug|Any CPU
		{C47228DE-A834-4ABA-991C-F45742A9D0A2}.Debug|Any CPU.Build.0 = Debug|Any CPU
		{C47228DE-A834-4ABA-991C-F45742A9D0A2}.Release|Any CPU.ActiveCfg = Release|Any CPU
		{C47228DE-A834-4ABA-991C-F45742A9D0A2}.Release|Any CPU.Build.0 = Release|Any CPU
		{33FD8390-F475-48CC-9EE5-C42D5F4BE3AB}.Debug|Any CPU.ActiveCfg = Debug|Any CPU
		{33FD8390-F475-48CC-9EE5-C42D5F4BE3AB}.Debug|Any CPU.Build.0 = Debug|Any CPU
		{33FD8390-F475-48CC-9EE5-C42D5F4BE3AB}.Release|Any CPU.ActiveCfg = Release|Any CPU
		{33FD8390-F475-48CC-9EE5-C42D5F4BE3AB}.Release|Any CPU.Build.0 = Release|Any CPU
		{37BED59A-9F03-4A3C-83C7-9674E248D64A}.Debug|Any CPU.ActiveCfg = Debug|Any CPU
		{37BED59A-9F03-4A3C-83C7-9674E248D64A}.Debug|Any CPU.Build.0 = Debug|Any CPU
		{37BED59A-9F03-4A3C-83C7-9674E248D64A}.Release|Any CPU.ActiveCfg = Release|Any CPU
		{37BED59A-9F03-4A3C-83C7-9674E248D64A}.Release|Any CPU.Build.0 = Release|Any CPU
		{FAAA582B-994F-478B-A761-6579847878A6}.Debug|Any CPU.ActiveCfg = Debug|Any CPU
		{FAAA582B-994F-478B-A761-6579847878A6}.Debug|Any CPU.Build.0 = Debug|Any CPU
		{FAAA582B-994F-478B-A761-6579847878A6}.Release|Any CPU.ActiveCfg = Release|Any CPU
		{FAAA582B-994F-478B-A761-6579847878A6}.Release|Any CPU.Build.0 = Release|Any CPU
	EndGlobalSection
	GlobalSection(SolutionProperties) = preSolution
		HideSolutionNode = FALSE
	EndGlobalSection
	GlobalSection(NestedProjects) = preSolution
		{469BD7DC-418C-475A-A756-F3A04313C0B6} = {1EA41872-17F6-4927-B08B-B51271A13958}
		{AF0F87A2-3764-4F3B-99B4-ECF4887492DE} = {CF9E470D-BFD0-4287-91E3-A09D56F63AC6}
		{C47228DE-A834-4ABA-991C-F45742A9D0A2} = {5916755F-3B8E-475B-9AC6-F5CA54272FA4}
		{33FD8390-F475-48CC-9EE5-C42D5F4BE3AB} = {30CFE040-AEE9-4094-B33E-042444BD24CA}
		{37BED59A-9F03-4A3C-83C7-9674E248D64A} = {D1FECEFF-AD9A-4CD7-B6DB-622ECD5A52F3}
		{FAAA582B-994F-478B-A761-6579847878A6} = {B561EC14-1367-4F0C-A472-3E764FA52733}
	EndGlobalSection
	GlobalSection(ExtensibilityGlobals) = postSolution
		SolutionGuid = {C5314A8B-EA84-4DCC-90FE-CAD7447E1C82}
	EndGlobalSection
EndGlobal
